// !$*UTF8*$!
{
	archiveVersion = 1;
	classes = {
	};
	objectVersion = 56;
	objects = {

/* Begin PBXBuildFile section */
		4117BA6C2BE6372A006A1A9F /* userInformation.swift in Sources */ = {isa = PBXBuildFile; fileRef = 4117BA6B2BE6372A006A1A9F /* userInformation.swift */; };
		4117BA702BE66A3A006A1A9F /* pointView.swift in Sources */ = {isa = PBXBuildFile; fileRef = 4117BA6F2BE66A3A006A1A9F /* pointView.swift */; };
		4117BA722BE66AA1006A1A9F /* BreakthroughView.swift in Sources */ = {isa = PBXBuildFile; fileRef = 4117BA712BE66AA1006A1A9F /* BreakthroughView.swift */; };
		4117BA742BE69993006A1A9F /* newbalance.swift in Sources */ = {isa = PBXBuildFile; fileRef = 4117BA732BE69993006A1A9F /* newbalance.swift */; };
		4117BA762BE6A519006A1A9F /* chanel.swift in Sources */ = {isa = PBXBuildFile; fileRef = 4117BA752BE6A519006A1A9F /* chanel.swift */; };
		414362542BB5B76A00125EC7 /* testApp.swift in Sources */ = {isa = PBXBuildFile; fileRef = 414362532BB5B76A00125EC7 /* testApp.swift */; };
		4179121C2BCBAE16008346DA /* loginView.swift in Sources */ = {isa = PBXBuildFile; fileRef = 4179121B2BCBAE16008346DA /* loginView.swift */; };
		417912202BCBF45D008346DA /* RangeBeacon.swift in Sources */ = {isa = PBXBuildFile; fileRef = 4179121F2BCBF45D008346DA /* RangeBeacon.swift */; };
		417912222BCCE50F008346DA /* homePage.swift in Sources */ = {isa = PBXBuildFile; fileRef = 417912212BCCE50F008346DA /* homePage.swift */; };
		41F5C1B72BE513F000FBE4B9 /* Assets.xcassets in Resources */ = {isa = PBXBuildFile; fileRef = 41F5C1B62BE513F000FBE4B9 /* Assets.xcassets */; };
		41F5C1B92BE5170B00FBE4B9 /* Preview Assets.xcassets in Resources */ = {isa = PBXBuildFile; fileRef = 41F5C1B82BE5170B00FBE4B9 /* Preview Assets.xcassets */; };
		41F7CF822BE4D70A00F89563 /* registerView.swift in Sources */ = {isa = PBXBuildFile; fileRef = 41F7CF812BE4D70A00F89563 /* registerView.swift */; };
		41F7CF842BE4F23600F89563 /* peopleFlow.swift in Sources */ = {isa = PBXBuildFile; fileRef = 41F7CF832BE4F23600F89563 /* peopleFlow.swift */; };
		ACC42B172BE34A4C00DC769B /* Database.swift in Sources */ = {isa = PBXBuildFile; fileRef = ACF9CBE72BE337470062E68B /* Database.swift */; };
/* End PBXBuildFile section */

/* Begin PBXFileReference section */
		4117BA6B2BE6372A006A1A9F /* userInformation.swift */ = {isa = PBXFileReference; lastKnownFileType = sourcecode.swift; path = userInformation.swift; sourceTree = "<group>"; };
		4117BA6F2BE66A3A006A1A9F /* pointView.swift */ = {isa = PBXFileReference; lastKnownFileType = sourcecode.swift; path = pointView.swift; sourceTree = "<group>"; };
		4117BA712BE66AA1006A1A9F /* BreakthroughView.swift */ = {isa = PBXFileReference; lastKnownFileType = sourcecode.swift; path = BreakthroughView.swift; sourceTree = "<group>"; };
		4117BA732BE69993006A1A9F /* newbalance.swift */ = {isa = PBXFileReference; lastKnownFileType = sourcecode.swift; path = newbalance.swift; sourceTree = "<group>"; };
		4117BA752BE6A519006A1A9F /* chanel.swift */ = {isa = PBXFileReference; lastKnownFileType = sourcecode.swift; path = chanel.swift; sourceTree = "<group>"; };
		414362502BB5B76A00125EC7 /* test.app */ = {isa = PBXFileReference; explicitFileType = wrapper.application; includeInIndex = 0; path = test.app; sourceTree = BUILT_PRODUCTS_DIR; };
		414362532BB5B76A00125EC7 /* testApp.swift */ = {isa = PBXFileReference; lastKnownFileType = sourcecode.swift; path = testApp.swift; sourceTree = "<group>"; };
		4179121B2BCBAE16008346DA /* loginView.swift */ = {isa = PBXFileReference; lastKnownFileType = sourcecode.swift; path = loginView.swift; sourceTree = "<group>"; };
		4179121F2BCBF45D008346DA /* RangeBeacon.swift */ = {isa = PBXFileReference; lastKnownFileType = sourcecode.swift; path = RangeBeacon.swift; sourceTree = "<group>"; };
		417912212BCCE50F008346DA /* homePage.swift */ = {isa = PBXFileReference; lastKnownFileType = sourcecode.swift; path = homePage.swift; sourceTree = "<group>"; };
		41F5C1B62BE513F000FBE4B9 /* Assets.xcassets */ = {isa = PBXFileReference; lastKnownFileType = folder.assetcatalog; name = Assets.xcassets; path = ../../../.Trash/Assets.xcassets; sourceTree = "<group>"; };
		41F5C1B82BE5170B00FBE4B9 /* Preview Assets.xcassets */ = {isa = PBXFileReference; lastKnownFileType = folder.assetcatalog; name = "Preview Assets.xcassets"; path = "../../../../.Trash/Preview Assets.xcassets"; sourceTree = "<group>"; };
		41F7CF812BE4D70A00F89563 /* registerView.swift */ = {isa = PBXFileReference; lastKnownFileType = sourcecode.swift; path = registerView.swift; sourceTree = "<group>"; };
		41F7CF832BE4F23600F89563 /* peopleFlow.swift */ = {isa = PBXFileReference; lastKnownFileType = sourcecode.swift; path = peopleFlow.swift; sourceTree = "<group>"; };
		AC8224A42BCE317400048E85 /* Info.plist */ = {isa = PBXFileReference; lastKnownFileType = text.plist; path = Info.plist; sourceTree = "<group>"; };
		ACF9CBE72BE337470062E68B /* Database.swift */ = {isa = PBXFileReference; lastKnownFileType = sourcecode.swift; path = Database.swift; sourceTree = "<group>"; };
/* End PBXFileReference section */

/* Begin PBXFrameworksBuildPhase section */
		4143624D2BB5B76A00125EC7 /* Frameworks */ = {
			isa = PBXFrameworksBuildPhase;
			buildActionMask = 2147483647;
			files = (
			);
			runOnlyForDeploymentPostprocessing = 0;
		};
/* End PBXFrameworksBuildPhase section */

/* Begin PBXGroup section */
		414362472BB5B76A00125EC7 = {
			isa = PBXGroup;
			children = (
				414362522BB5B76A00125EC7 /* test */,
				414362512BB5B76A00125EC7 /* Products */,
			);
			sourceTree = "<group>";
		};
		414362512BB5B76A00125EC7 /* Products */ = {
			isa = PBXGroup;
			children = (
				414362502BB5B76A00125EC7 /* test.app */,
			);
			name = Products;
			sourceTree = "<group>";
		};
		414362522BB5B76A00125EC7 /* test */ = {
			isa = PBXGroup;
			children = (
				4117BA712BE66AA1006A1A9F /* BreakthroughView.swift */,
				4117BA732BE69993006A1A9F /* newbalance.swift */,
				4117BA752BE6A519006A1A9F /* chanel.swift */,
				4117BA6F2BE66A3A006A1A9F /* pointView.swift */,
				41F7CF812BE4D70A00F89563 /* registerView.swift */,
				AC8224A42BCE317400048E85 /* Info.plist */,
				ACF9CBE72BE337470062E68B /* Database.swift */,
				4179121F2BCBF45D008346DA /* RangeBeacon.swift */,
				4179121B2BCBAE16008346DA /* loginView.swift */,
				414362532BB5B76A00125EC7 /* testApp.swift */,
				41F5C1B62BE513F000FBE4B9 /* Assets.xcassets */,
				417912212BCCE50F008346DA /* homePage.swift */,
				41F7CF832BE4F23600F89563 /* peopleFlow.swift */,
				4117BA6B2BE6372A006A1A9F /* userInformation.swift */,
				414362592BB5B76C00125EC7 /* Preview Content */,
			);
			path = test;
			sourceTree = "<group>";
		};
		414362592BB5B76C00125EC7 /* Preview Content */ = {
			isa = PBXGroup;
			children = (
				41F5C1B82BE5170B00FBE4B9 /* Preview Assets.xcassets */,
			);
			path = "Preview Content";
			sourceTree = "<group>";
		};
/* End PBXGroup section */

/* Begin PBXNativeTarget section */
		4143624F2BB5B76A00125EC7 /* test */ = {
			isa = PBXNativeTarget;
			buildConfigurationList = 4143625E2BB5B76C00125EC7 /* Build configuration list for PBXNativeTarget "test" */;
			buildPhases = (
				4143624C2BB5B76A00125EC7 /* Sources */,
				4143624D2BB5B76A00125EC7 /* Frameworks */,
				4143624E2BB5B76A00125EC7 /* Resources */,
			);
			buildRules = (
			);
			dependencies = (
			);
			name = test;
			productName = test;
			productReference = 414362502BB5B76A00125EC7 /* test.app */;
			productType = "com.apple.product-type.application";
		};
/* End PBXNativeTarget section */

/* Begin PBXProject section */
		414362482BB5B76A00125EC7 /* Project object */ = {
			isa = PBXProject;
			attributes = {
				BuildIndependentTargetsInParallel = 1;
				LastSwiftUpdateCheck = 1530;
				LastUpgradeCheck = 1530;
				TargetAttributes = {
					4143624F2BB5B76A00125EC7 = {
						CreatedOnToolsVersion = 15.3;
					};
				};
			};
			buildConfigurationList = 4143624B2BB5B76A00125EC7 /* Build configuration list for PBXProject "test" */;
			compatibilityVersion = "Xcode 14.0";
			developmentRegion = en;
			hasScannedForEncodings = 0;
			knownRegions = (
				en,
				Base,
			);
			mainGroup = 414362472BB5B76A00125EC7;
			productRefGroup = 414362512BB5B76A00125EC7 /* Products */;
			projectDirPath = "";
			projectRoot = "";
			targets = (
				4143624F2BB5B76A00125EC7 /* test */,
			);
		};
/* End PBXProject section */

/* Begin PBXResourcesBuildPhase section */
		4143624E2BB5B76A00125EC7 /* Resources */ = {
			isa = PBXResourcesBuildPhase;
			buildActionMask = 2147483647;
			files = (
				41F5C1B92BE5170B00FBE4B9 /* Preview Assets.xcassets in Resources */,
				41F5C1B72BE513F000FBE4B9 /* Assets.xcassets in Resources */,
			);
			runOnlyForDeploymentPostprocessing = 0;
		};
/* End PBXResourcesBuildPhase section */

/* Begin PBXSourcesBuildPhase section */
		4143624C2BB5B76A00125EC7 /* Sources */ = {
			isa = PBXSourcesBuildPhase;
			buildActionMask = 2147483647;
			files = (
				417912202BCBF45D008346DA /* RangeBeacon.swift in Sources */,
				417912222BCCE50F008346DA /* homePage.swift in Sources */,
				4179121C2BCBAE16008346DA /* loginView.swift in Sources */,
				4117BA702BE66A3A006A1A9F /* pointView.swift in Sources */,
				4117BA742BE69993006A1A9F /* newbalance.swift in Sources */,
				4117BA722BE66AA1006A1A9F /* BreakthroughView.swift in Sources */,
				4117BA762BE6A519006A1A9F /* chanel.swift in Sources */,
				41F7CF842BE4F23600F89563 /* peopleFlow.swift in Sources */,
				ACC42B172BE34A4C00DC769B /* Database.swift in Sources */,
				4117BA6C2BE6372A006A1A9F /* userInformation.swift in Sources */,
				41F7CF822BE4D70A00F89563 /* registerView.swift in Sources */,
				414362542BB5B76A00125EC7 /* testApp.swift in Sources */,
			);
			runOnlyForDeploymentPostprocessing = 0;
		};
/* End PBXSourcesBuildPhase section */

/* Begin XCBuildConfiguration section */
		4143625C2BB5B76C00125EC7 /* Debug */ = {
			isa = XCBuildConfiguration;
			buildSettings = {
				ALWAYS_SEARCH_USER_PATHS = NO;
				ASSETCATALOG_COMPILER_GENERATE_SWIFT_ASSET_SYMBOL_EXTENSIONS = YES;
				CLANG_ANALYZER_NONNULL = YES;
				CLANG_ANALYZER_NUMBER_OBJECT_CONVERSION = YES_AGGRESSIVE;
				CLANG_CXX_LANGUAGE_STANDARD = "gnu++20";
				CLANG_ENABLE_MODULES = YES;
				CLANG_ENABLE_OBJC_ARC = YES;
				CLANG_ENABLE_OBJC_WEAK = YES;
				CLANG_WARN_BLOCK_CAPTURE_AUTORELEASING = YES;
				CLANG_WARN_BOOL_CONVERSION = YES;
				CLANG_WARN_COMMA = YES;
				CLANG_WARN_CONSTANT_CONVERSION = YES;
				CLANG_WARN_DEPRECATED_OBJC_IMPLEMENTATIONS = YES;
				CLANG_WARN_DIRECT_OBJC_ISA_USAGE = YES_ERROR;
				CLANG_WARN_DOCUMENTATION_COMMENTS = YES;
				CLANG_WARN_EMPTY_BODY = YES;
				CLANG_WARN_ENUM_CONVERSION = YES;
				CLANG_WARN_INFINITE_RECURSION = YES;
				CLANG_WARN_INT_CONVERSION = YES;
				CLANG_WARN_NON_LITERAL_NULL_CONVERSION = YES;
				CLANG_WARN_OBJC_IMPLICIT_RETAIN_SELF = YES;
				CLANG_WARN_OBJC_LITERAL_CONVERSION = YES;
				CLANG_WARN_OBJC_ROOT_CLASS = YES_ERROR;
				CLANG_WARN_QUOTED_INCLUDE_IN_FRAMEWORK_HEADER = YES;
				CLANG_WARN_RANGE_LOOP_ANALYSIS = YES;
				CLANG_WARN_STRICT_PROTOTYPES = YES;
				CLANG_WARN_SUSPICIOUS_MOVE = YES;
				CLANG_WARN_UNGUARDED_AVAILABILITY = YES_AGGRESSIVE;
				CLANG_WARN_UNREACHABLE_CODE = YES;
				CLANG_WARN__DUPLICATE_METHOD_MATCH = YES;
				COPY_PHASE_STRIP = NO;
				DEBUG_INFORMATION_FORMAT = dwarf;
				ENABLE_STRICT_OBJC_MSGSEND = YES;
				ENABLE_TESTABILITY = YES;
				ENABLE_USER_SCRIPT_SANDBOXING = YES;
				GCC_C_LANGUAGE_STANDARD = gnu17;
				GCC_DYNAMIC_NO_PIC = NO;
				GCC_NO_COMMON_BLOCKS = YES;
				GCC_OPTIMIZATION_LEVEL = 0;
				GCC_PREPROCESSOR_DEFINITIONS = (
					"DEBUG=1",
					"$(inherited)",
				);
				GCC_WARN_64_TO_32_BIT_CONVERSION = YES;
				GCC_WARN_ABOUT_RETURN_TYPE = YES_ERROR;
				GCC_WARN_UNDECLARED_SELECTOR = YES;
				GCC_WARN_UNINITIALIZED_AUTOS = YES_AGGRESSIVE;
				GCC_WARN_UNUSED_FUNCTION = YES;
				GCC_WARN_UNUSED_VARIABLE = YES;
				IPHONEOS_DEPLOYMENT_TARGET = 17.4;
				LOCALIZATION_PREFERS_STRING_CATALOGS = YES;
				MTL_ENABLE_DEBUG_INFO = INCLUDE_SOURCE;
				MTL_FAST_MATH = YES;
				ONLY_ACTIVE_ARCH = YES;
				SDKROOT = iphoneos;
				SWIFT_ACTIVE_COMPILATION_CONDITIONS = "DEBUG $(inherited)";
				SWIFT_OPTIMIZATION_LEVEL = "-Onone";
			};
			name = Debug;
		};
		4143625D2BB5B76C00125EC7 /* Release */ = {
			isa = XCBuildConfiguration;
			buildSettings = {
				ALWAYS_SEARCH_USER_PATHS = NO;
				ASSETCATALOG_COMPILER_GENERATE_SWIFT_ASSET_SYMBOL_EXTENSIONS = YES;
				CLANG_ANALYZER_NONNULL = YES;
				CLANG_ANALYZER_NUMBER_OBJECT_CONVERSION = YES_AGGRESSIVE;
				CLANG_CXX_LANGUAGE_STANDARD = "gnu++20";
				CLANG_ENABLE_MODULES = YES;
				CLANG_ENABLE_OBJC_ARC = YES;
				CLANG_ENABLE_OBJC_WEAK = YES;
				CLANG_WARN_BLOCK_CAPTURE_AUTORELEASING = YES;
				CLANG_WARN_BOOL_CONVERSION = YES;
				CLANG_WARN_COMMA = YES;
				CLANG_WARN_CONSTANT_CONVERSION = YES;
				CLANG_WARN_DEPRECATED_OBJC_IMPLEMENTATIONS = YES;
				CLANG_WARN_DIRECT_OBJC_ISA_USAGE = YES_ERROR;
				CLANG_WARN_DOCUMENTATION_COMMENTS = YES;
				CLANG_WARN_EMPTY_BODY = YES;
				CLANG_WARN_ENUM_CONVERSION = YES;
				CLANG_WARN_INFINITE_RECURSION = YES;
				CLANG_WARN_INT_CONVERSION = YES;
				CLANG_WARN_NON_LITERAL_NULL_CONVERSION = YES;
				CLANG_WARN_OBJC_IMPLICIT_RETAIN_SELF = YES;
				CLANG_WARN_OBJC_LITERAL_CONVERSION = YES;
				CLANG_WARN_OBJC_ROOT_CLASS = YES_ERROR;
				CLANG_WARN_QUOTED_INCLUDE_IN_FRAMEWORK_HEADER = YES;
				CLANG_WARN_RANGE_LOOP_ANALYSIS = YES;
				CLANG_WARN_STRICT_PROTOTYPES = YES;
				CLANG_WARN_SUSPICIOUS_MOVE = YES;
				CLANG_WARN_UNGUARDED_AVAILABILITY = YES_AGGRESSIVE;
				CLANG_WARN_UNREACHABLE_CODE = YES;
				CLANG_WARN__DUPLICATE_METHOD_MATCH = YES;
				COPY_PHASE_STRIP = NO;
				DEBUG_INFORMATION_FORMAT = "dwarf-with-dsym";
				ENABLE_NS_ASSERTIONS = NO;
				ENABLE_STRICT_OBJC_MSGSEND = YES;
				ENABLE_USER_SCRIPT_SANDBOXING = YES;
				GCC_C_LANGUAGE_STANDARD = gnu17;
				GCC_NO_COMMON_BLOCKS = YES;
				GCC_WARN_64_TO_32_BIT_CONVERSION = YES;
				GCC_WARN_ABOUT_RETURN_TYPE = YES_ERROR;
				GCC_WARN_UNDECLARED_SELECTOR = YES;
				GCC_WARN_UNINITIALIZED_AUTOS = YES_AGGRESSIVE;
				GCC_WARN_UNUSED_FUNCTION = YES;
				GCC_WARN_UNUSED_VARIABLE = YES;
				IPHONEOS_DEPLOYMENT_TARGET = 17.4;
				LOCALIZATION_PREFERS_STRING_CATALOGS = YES;
				MTL_ENABLE_DEBUG_INFO = NO;
				MTL_FAST_MATH = YES;
				SDKROOT = iphoneos;
				SWIFT_COMPILATION_MODE = wholemodule;
				VALIDATE_PRODUCT = YES;
			};
			name = Release;
		};
		4143625F2BB5B76C00125EC7 /* Debug */ = {
			isa = XCBuildConfiguration;
			buildSettings = {
				ASSETCATALOG_COMPILER_APPICON_NAME = AppIcon;
				ASSETCATALOG_COMPILER_GLOBAL_ACCENT_COLOR_NAME = AccentColor;
				ASSETCATALOG_COMPILER_INCLUDE_ALL_APPICON_ASSETS = NO;
				CODE_SIGN_STYLE = Automatic;
				CURRENT_PROJECT_VERSION = 1;
				DEVELOPMENT_ASSET_PATHS = "\"test/Preview Content\"";
				DEVELOPMENT_TEAM = 7QAF64L6SC;
				ENABLE_PREVIEWS = YES;
				GENERATE_INFOPLIST_FILE = YES;
				INFOPLIST_FILE = test/Info.plist;
				INFOPLIST_KEY_CFBundleDisplayName = "";
				INFOPLIST_KEY_LSApplicationCategoryType = "";
				INFOPLIST_KEY_NSLocationAlwaysAndWhenInUseUsageDescription = "$(PRODUCT_NAME)";
				INFOPLIST_KEY_NSLocationWhenInUseUsageDescription = "";
				INFOPLIST_KEY_UIApplicationSceneManifest_Generation = YES;
				INFOPLIST_KEY_UIApplicationSupportsIndirectInputEvents = YES;
				INFOPLIST_KEY_UILaunchScreen_Generation = YES;
				INFOPLIST_KEY_UISupportedInterfaceOrientations_iPad = "UIInterfaceOrientationPortrait UIInterfaceOrientationPortraitUpsideDown UIInterfaceOrientationLandscapeLeft UIInterfaceOrientationLandscapeRight";
				INFOPLIST_KEY_UISupportedInterfaceOrientations_iPhone = "UIInterfaceOrientationPortrait UIInterfaceOrientationLandscapeLeft UIInterfaceOrientationLandscapeRight";
				LD_RUNPATH_SEARCH_PATHS = (
					"$(inherited)",
					"@executable_path/Frameworks",
				);
				MARKETING_VERSION = 1.0;
				PRODUCT_BUNDLE_IDENTIFIER = "count-volleyball-point.test";
				PRODUCT_NAME = "$(TARGET_NAME)";
				SWIFT_EMIT_LOC_STRINGS = YES;
				SWIFT_VERSION = 5.0;
				TARGETED_DEVICE_FAMILY = "1,2";
			};
			name = Debug;
		};
		414362602BB5B76C00125EC7 /* Release */ = {
			isa = XCBuildConfiguration;
			buildSettings = {
				ASSETCATALOG_COMPILER_APPICON_NAME = AppIcon;
				ASSETCATALOG_COMPILER_GLOBAL_ACCENT_COLOR_NAME = AccentColor;
				ASSETCATALOG_COMPILER_INCLUDE_ALL_APPICON_ASSETS = NO;
				CODE_SIGN_STYLE = Automatic;
				CURRENT_PROJECT_VERSION = 1;
				DEVELOPMENT_ASSET_PATHS = "\"test/Preview Content\"";
				DEVELOPMENT_TEAM = 7QAF64L6SC;
				ENABLE_PREVIEWS = YES;
				GENERATE_INFOPLIST_FILE = YES;
				INFOPLIST_FILE = test/Info.plist;
				INFOPLIST_KEY_CFBundleDisplayName = "";
				INFOPLIST_KEY_LSApplicationCategoryType = "";
				INFOPLIST_KEY_NSLocationAlwaysAndWhenInUseUsageDescription = "$(PRODUCT_NAME)";
				INFOPLIST_KEY_NSLocationWhenInUseUsageDescription = "";
				INFOPLIST_KEY_UIApplicationSceneManifest_Generation = YES;
				INFOPLIST_KEY_UIApplicationSupportsIndirectInputEvents = YES;
				INFOPLIST_KEY_UILaunchScreen_Generation = YES;
				INFOPLIST_KEY_UISupportedInterfaceOrientations_iPad = "UIInterfaceOrientationPortrait UIInterfaceOrientationPortraitUpsideDown UIInterfaceOrientationLandscapeLeft UIInterfaceOrientationLandscapeRight";
				INFOPLIST_KEY_UISupportedInterfaceOrientations_iPhone = "UIInterfaceOrientationPortrait UIInterfaceOrientationLandscapeLeft UIInterfaceOrientationLandscapeRight";
				LD_RUNPATH_SEARCH_PATHS = (
					"$(inherited)",
					"@executable_path/Frameworks",
				);
				MARKETING_VERSION = 1.0;
				PRODUCT_BUNDLE_IDENTIFIER = "count-volleyball-point.test";
				PRODUCT_NAME = "$(TARGET_NAME)";
				SWIFT_EMIT_LOC_STRINGS = YES;
				SWIFT_VERSION = 5.0;
				TARGETED_DEVICE_FAMILY = "1,2";
			};
			name = Release;
		};
/* End XCBuildConfiguration section */

/* Begin XCConfigurationList section */
		4143624B2BB5B76A00125EC7 /* Build configuration list for PBXProject "test" */ = {
			isa = XCConfigurationList;
			buildConfigurations = (
				4143625C2BB5B76C00125EC7 /* Debug */,
				4143625D2BB5B76C00125EC7 /* Release */,
			);
			defaultConfigurationIsVisible = 0;
			defaultConfigurationName = Release;
		};
		4143625E2BB5B76C00125EC7 /* Build configuration list for PBXNativeTarget "test" */ = {
			isa = XCConfigurationList;
			buildConfigurations = (
				4143625F2BB5B76C00125EC7 /* Debug */,
				414362602BB5B76C00125EC7 /* Release */,
			);
			defaultConfigurationIsVisible = 0;
			defaultConfigurationName = Release;
		};
/* End XCConfigurationList section */
	};
	rootObject = 414362482BB5B76A00125EC7 /* Project object */;
}
